
Microsoft Visual Studio Solution File, Format Version 12.00
# Visual Studio Version 17
VisualStudioVersion = 17.4.33213.308
MinimumVisualStudioVersion = 10.0.40219.1
Project("{FAE04EC0-301F-11D3-BF4B-00C04F79EFBC}") = "MultipleReturns", "MultipleReturns\MultipleReturns.csproj", "{C244B9B6-F9FA-41F7-B455-07838DBA053E}"
EndProject
Global
	GlobalSection(SolutionConfigurationPlatforms) = preSolution
		Debug|Any CPU = Debug|Any CPU
		Release|Any CPU = Release|Any CPU
	EndGlobalSection
	GlobalSection(ProjectConfigurationPlatforms) = postSolution
		{C244B9B6-F9FA-41F7-B455-07838DBA053E}.Debug|Any CPU.ActiveCfg = Debug|Any CPU
		{C244B9B6-F9FA-41F7-B455-07838DBA053E}.Debug|Any CPU.Build.0 = Debug|Any CPU
		{C244B9B6-F9FA-41F7-B455-07838DBA053E}.Release|Any CPU.ActiveCfg = Release|Any CPU
		{C244B9B6-F9FA-41F7-B455-07838DBA053E}.Release|Any CPU.Build.0 = Release|Any CPU
	EndGlobalSection
	GlobalSection(SolutionProperties) = preSolution
		HideSolutionNode = FALSE
	EndGlobalSection
	GlobalSection(ExtensibilityGlobals) = postSolution
		SolutionGuid = {036FBC0C-4BD1-4627-BAAF-2ECEC98D57CF}
	EndGlobalSection
EndGlobal
